// !$*UTF8*$!
{
	archiveVersion = 1;
	classes = {
	};
	objectVersion = 77;
	objects = {

/* Begin PBXContainerItemProxy section */
		A3E333C42ECF3578005BC2FE /* PBXContainerItemProxy */ = {
			isa = PBXContainerItemProxy;
			containerPortal = A3E333AC2ECF3577005BC2FE /* Project object */;
			proxyType = 1;
			remoteGlobalIDString = A3E333B32ECF3577005BC2FE;
			remoteInfo = BarcodeScannerSwift;
		};
		A3E333CE2ECF3578005BC2FE /* PBXContainerItemProxy */ = {
			isa = PBXContainerItemProxy;
			containerPortal = A3E333AC2ECF3577005BC2FE /* Project object */;
			proxyType = 1;
			remoteGlobalIDString = A3E333B32ECF3577005BC2FE;
			remoteInfo = BarcodeScannerSwift;
		};
/* End PBXContainerItemProxy section */

/* Begin PBXFileReference section */
		A3E333B42ECF3577005BC2FE /* BarcodeScannerSwift.app */ = {isa = PBXFileReference; explicitFileType = wrapper.application; includeInIndex = 0; path = BarcodeScannerSwift.app; sourceTree = BUILT_PRODUCTS_DIR; };
		A3E333C32ECF3578005BC2FE /* BarcodeScannerSwiftTests.xctest */ = {isa = PBXFileReference; explicitFileType = wrapper.cfbundle; includeInIndex = 0; path = BarcodeScannerSwiftTests.xctest; sourceTree = BUILT_PRODUCTS_DIR; };
		A3E333CD2ECF3578005BC2FE /* BarcodeScannerSwiftUITests.xctest */ = {isa = PBXFileReference; explicitFileType = wrapper.cfbundle; includeInIndex = 0; path = BarcodeScannerSwiftUITests.xctest; sourceTree = BUILT_PRODUCTS_DIR; };
/* End PBXFileReference section */

/* Begin PBXFileSystemSynchronizedRootGroup section */
		A3E333B62ECF3577005BC2FE /* BarcodeScannerSwift */ = {
			isa = PBXFileSystemSynchronizedRootGroup;
			path = BarcodeScannerSwift;
			sourceTree = "<group>";
		};
		A3E333C62ECF3578005BC2FE /* BarcodeScannerSwiftTests */ = {
			isa = PBXFileSystemSynchronizedRootGroup;
			path = BarcodeScannerSwiftTests;
			sourceTree = "<group>";
		};
		A3E333D02ECF3578005BC2FE /* BarcodeScannerSwiftUITests */ = {
			isa = PBXFileSystemSynchronizedRootGroup;
			path = BarcodeScannerSwiftUITests;
			sourceTree = "<group>";
		};
/* End PBXFileSystemSynchronizedRootGroup section */

/* Begin PBXFrameworksBuildPhase section */
		A3E333B12ECF3577005BC2FE /* Frameworks */ = {
			isa = PBXFrameworksBuildPhase;
			buildActionMask = 2147483647;
			files = (
			);
			runOnlyForDeploymentPostprocessing = 0;
		};
		A3E333C02ECF3578005BC2FE /* Frameworks */ = {
			isa = PBXFrameworksBuildPhase;
			buildActionMask = 2147483647;
			files = (
			);
			runOnlyForDeploymentPostprocessing = 0;
		};
		A3E333CA2ECF3578005BC2FE /* Frameworks */ = {
			isa = PBXFrameworksBuildPhase;
			buildActionMask = 2147483647;
			files = (
			);
			runOnlyForDeploymentPostprocessing = 0;
		};
/* End PBXFrameworksBuildPhase section */

/* Begin PBXGroup section */
		A3E333AB2ECF3577005BC2FE = {
			isa = PBXGroup;
			children = (
				A3E333B62ECF3577005BC2FE /* BarcodeScannerSwift */,
				A3E333C62ECF3578005BC2FE /* BarcodeScannerSwiftTests */,
				A3E333D02ECF3578005BC2FE /* BarcodeScannerSwiftUITests */,
				A3E333B52ECF3577005BC2FE /* Products */,
			);
			sourceTree = "<group>";
		};
		A3E333B52ECF3577005BC2FE /* Products */ = {
			isa = PBXGroup;
			children = (
				A3E333B42ECF3577005BC2FE /* BarcodeScannerSwift.app */,
				A3E333C32ECF3578005BC2FE /* BarcodeScannerSwiftTests.xctest */,
				A3E333CD2ECF3578005BC2FE /* BarcodeScannerSwiftUITests.xctest */,
			);
			name = Products;
			sourceTree = "<group>";
		};
/* End PBXGroup section */

/* Begin PBXNativeTarget section */
		A3E333B32ECF3577005BC2FE /* BarcodeScannerSwift */ = {
			isa = PBXNativeTarget;
			buildConfigurationList = A3E333D72ECF3578005BC2FE /* Build configuration list for PBXNativeTarget "BarcodeScannerSwift" */;
			buildPhases = (
				A3E333B02ECF3577005BC2FE /* Sources */,
				A3E333B12ECF3577005BC2FE /* Frameworks */,
				A3E333B22ECF3577005BC2FE /* Resources */,
			);
			buildRules = (
			);
			dependencies = (
			);
			fileSystemSynchronizedGroups = (
				A3E333B62ECF3577005BC2FE /* BarcodeScannerSwift */,
			);
			name = BarcodeScannerSwift;
			packageProductDependencies = (
			);
			productName = BarcodeScannerSwift;
			productReference = A3E333B42ECF3577005BC2FE /* BarcodeScannerSwift.app */;
			productType = "com.apple.product-type.application";
		};
		A3E333C22ECF3578005BC2FE /* BarcodeScannerSwiftTests */ = {
			isa = PBXNativeTarget;
			buildConfigurationList = A3E333DA2ECF3578005BC2FE /* Build configuration list for PBXNativeTarget "BarcodeScannerSwiftTests" */;
			buildPhases = (
				A3E333BF2ECF3578005BC2FE /* Sources */,
				A3E333C02ECF3578005BC2FE /* Frameworks */,
				A3E333C12ECF3578005BC2FE /* Resources */,
			);
			buildRules = (
			);
			dependencies = (
				A3E333C52ECF3578005BC2FE /* PBXTargetDependency */,
			);
			fileSystemSynchronizedGroups = (
				A3E333C62ECF3578005BC2FE /* BarcodeScannerSwiftTests */,
			);
			name = BarcodeScannerSwiftTests;
			packageProductDependencies = (
			);
			productName = BarcodeScannerSwiftTests;
			productReference = A3E333C32ECF3578005BC2FE /* BarcodeScannerSwiftTests.xctest */;
			productType = "com.apple.product-type.bundle.unit-test";
		};
		A3E333CC2ECF3578005BC2FE /* BarcodeScannerSwiftUITests */ = {
			isa = PBXNativeTarget;
			buildConfigurationList = A3E333DD2ECF3578005BC2FE /* Build configuration list for PBXNativeTarget "BarcodeScannerSwiftUITests" */;
			buildPhases = (
				A3E333C92ECF3578005BC2FE /* Sources */,
				A3E333CA2ECF3578005BC2FE /* Frameworks */,
				A3E333CB2ECF3578005BC2FE /* Resources */,
			);
			buildRules = (
			);
			dependencies = (
				A3E333CF2ECF3578005BC2FE /* PBXTargetDependency */,
			);
			fileSystemSynchronizedGroups = (
				A3E333D02ECF3578005BC2FE /* BarcodeScannerSwiftUITests */,
			);
			name = BarcodeScannerSwiftUITests;
			packageProductDependencies = (
			);
			productName = BarcodeScannerSwiftUITests;
			productReference = A3E333CD2ECF3578005BC2FE /* BarcodeScannerSwiftUITests.xctest */;
			productType = "com.apple.product-type.bundle.ui-testing";
		};
/* End PBXNativeTarget section */

/* Begin PBXProject section */
		A3E333AC2ECF3577005BC2FE /* Project object */ = {
			isa = PBXProject;
			attributes = {
				BuildIndependentTargetsInParallel = 1;
				LastSwiftUpdateCheck = 2600;
				LastUpgradeCheck = 2600;
				TargetAttributes = {
					A3E333B32ECF3577005BC2FE = {
						CreatedOnToolsVersion = 26.0.1;
					};
					A3E333C22ECF3578005BC2FE = {
						CreatedOnToolsVersion = 26.0.1;
						TestTargetID = A3E333B32ECF3577005BC2FE;
					};
					A3E333CC2ECF3578005BC2FE = {
						CreatedOnToolsVersion = 26.0.1;
						TestTargetID = A3E333B32ECF3577005BC2FE;
					};
				};
			};
			buildConfigurationList = A3E333AF2ECF3577005BC2FE /* Build configuration list for PBXProject "BarcodeScannerSwift" */;
			developmentRegion = en;
			hasScannedForEncodings = 0;
			knownRegions = (
				en,
				Base,
			);
			mainGroup = A3E333AB2ECF3577005BC2FE;
			minimizedProjectReferenceProxies = 1;
			preferredProjectObjectVersion = 77;
			productRefGroup = A3E333B52ECF3577005BC2FE /* Products */;
			projectDirPath = "";
			projectRoot = "";
			targets = (
				A3E333B32ECF3577005BC2FE /* BarcodeScannerSwift */,
				A3E333C22ECF3578005BC2FE /* BarcodeScannerSwiftTests */,
				A3E333CC2ECF3578005BC2FE /* BarcodeScannerSwiftUITests */,
			);
		};
/* End PBXProject section */

/* Begin PBXResourcesBuildPhase section */
		A3E333B22ECF3577005BC2FE /* Resources */ = {
			isa = PBXResourcesBuildPhase;
			buildActionMask = 2147483647;
			files = (
			);
			runOnlyForDeploymentPostprocessing = 0;
		};
		A3E333C12ECF3578005BC2FE /* Resources */ = {
			isa = PBXResourcesBuildPhase;
			buildActionMask = 2147483647;
			files = (
			);
			runOnlyForDeploymentPostprocessing = 0;
		};
		A3E333CB2ECF3578005BC2FE /* Resources */ = {
			isa = PBXResourcesBuildPhase;
			buildActionMask = 2147483647;
			files = (
			);
			runOnlyForDeploymentPostprocessing = 0;
		};
/* End PBXResourcesBuildPhase section */

/* Begin PBXSourcesBuildPhase section */
		A3E333B02ECF3577005BC2FE /* Sources */ = {
			isa = PBXSourcesBuildPhase;
			buildActionMask = 2147483647;
			files = (
			);
			runOnlyForDeploymentPostprocessing = 0;
		};
		A3E333BF2ECF3578005BC2FE /* Sources */ = {
			isa = PBXSourcesBuildPhase;
			buildActionMask = 2147483647;
			files = (
			);
			runOnlyForDeploymentPostprocessing = 0;
		};
		A3E333C92ECF3578005BC2FE /* Sources */ = {
			isa = PBXSourcesBuildPhase;
			buildActionMask = 2147483647;
			files = (
			);
			runOnlyForDeploymentPostprocessing = 0;
		};
/* End PBXSourcesBuildPhase section */

/* Begin PBXTargetDependency section */
		A3E333C52ECF3578005BC2FE /* PBXTargetDependency */ = {
			isa = PBXTargetDependency;
			target = A3E333B32ECF3577005BC2FE /* BarcodeScannerSwift */;
			targetProxy = A3E333C42ECF3578005BC2FE /* PBXContainerItemProxy */;
		};
		A3E333CF2ECF3578005BC2FE /* PBXTargetDependency */ = {
			isa = PBXTargetDependency;
			target = A3E333B32ECF3577005BC2FE /* BarcodeScannerSwift */;
			targetProxy = A3E333CE2ECF3578005BC2FE /* PBXContainerItemProxy */;
		};
/* End PBXTargetDependency section */

/* Begin XCBuildConfiguration section */
		A3E333D52ECF3578005BC2FE /* Debug */ = {
			isa = XCBuildConfiguration;
			buildSettings = {
				ALWAYS_SEARCH_USER_PATHS = NO;
				ASSETCATALOG_COMPILER_GENERATE_SWIFT_ASSET_SYMBOL_EXTENSIONS = YES;
				CLANG_ANALYZER_NONNULL = YES;
				CLANG_ANALYZER_NUMBER_OBJECT_CONVERSION = YES_AGGRESSIVE;
				CLANG_CXX_LANGUAGE_STANDARD = "gnu++20";
				CLANG_ENABLE_MODULES = YES;
				CLANG_ENABLE_OBJC_ARC = YES;
				CLANG_ENABLE_OBJC_WEAK = YES;
				CLANG_WARN_BLOCK_CAPTURE_AUTORELEASING = YES;
				CLANG_WARN_BOOL_CONVERSION = YES;
				CLANG_WARN_COMMA = YES;
				CLANG_WARN_CONSTANT_CONVERSION = YES;
				CLANG_WARN_DEPRECATED_OBJC_IMPLEMENTATIONS = YES;
				CLANG_WARN_DIRECT_OBJC_ISA_USAGE = YES_ERROR;
				CLANG_WARN_DOCUMENTATION_COMMENTS = YES;
				CLANG_WARN_EMPTY_BODY = YES;
				CLANG_WARN_ENUM_CONVERSION = YES;
				CLANG_WARN_INFINITE_RECURSION = YES;
				CLANG_WARN_INT_CONVERSION = YES;
				CLANG_WARN_NON_LITERAL_NULL_CONVERSION = YES;
				CLANG_WARN_OBJC_IMPLICIT_RETAIN_SELF = YES;
				CLANG_WARN_OBJC_LITERAL_CONVERSION = YES;
				CLANG_WARN_OBJC_ROOT_CLASS = YES_ERROR;
				CLANG_WARN_QUOTED_INCLUDE_IN_FRAMEWORK_HEADER = YES;
				CLANG_WARN_RANGE_LOOP_ANALYSIS = YES;
				CLANG_WARN_STRICT_PROTOTYPES = YES;
				CLANG_WARN_SUSPICIOUS_MOVE = YES;
				CLANG_WARN_UNGUARDED_AVAILABILITY = YES_AGGRESSIVE;
				CLANG_WARN_UNREACHABLE_CODE = YES;
				CLANG_WARN__DUPLICATE_METHOD_MATCH = YES;
				COPY_PHASE_STRIP = NO;
				DEBUG_INFORMATION_FORMAT = dwarf;
				DEVELOPMENT_TEAM = 6MWZYJB8N2;
				ENABLE_STRICT_OBJC_MSGSEND = YES;
				ENABLE_TESTABILITY = YES;
				ENABLE_USER_SCRIPT_SANDBOXING = YES;
				GCC_C_LANGUAGE_STANDARD = gnu17;
				GCC_DYNAMIC_NO_PIC = NO;
				GCC_NO_COMMON_BLOCKS = YES;
				GCC_OPTIMIZATION_LEVEL = 0;
				GCC_PREPROCESSOR_DEFINITIONS = (
					"DEBUG=1",
					"$(inherited)",
				);
				GCC_WARN_64_TO_32_BIT_CONVERSION = YES;
				GCC_WARN_ABOUT_RETURN_TYPE = YES_ERROR;
				GCC_WARN_UNDECLARED_SELECTOR = YES;
				GCC_WARN_UNINITIALIZED_AUTOS = YES_AGGRESSIVE;
				GCC_WARN_UNUSED_FUNCTION = YES;
				GCC_WARN_UNUSED_VARIABLE = YES;
				IPHONEOS_DEPLOYMENT_TARGET = 26.0;
				LOCALIZATION_PREFERS_STRING_CATALOGS = YES;
				MTL_ENABLE_DEBUG_INFO = INCLUDE_SOURCE;
				MTL_FAST_MATH = YES;
				ONLY_ACTIVE_ARCH = YES;
				SDKROOT = iphoneos;
				SWIFT_ACTIVE_COMPILATION_CONDITIONS = "DEBUG $(inherited)";
				SWIFT_OPTIMIZATION_LEVEL = "-Onone";
			};
			name = Debug;
		};
		A3E333D62ECF3578005BC2FE /* Release */ = {
			isa = XCBuildConfiguration;
			buildSettings = {
				ALWAYS_SEARCH_USER_PATHS = NO;
				ASSETCATALOG_COMPILER_GENERATE_SWIFT_ASSET_SYMBOL_EXTENSIONS = YES;
				CLANG_ANALYZER_NONNULL = YES;
				CLANG_ANALYZER_NUMBER_OBJECT_CONVERSION = YES_AGGRESSIVE;
				CLANG_CXX_LANGUAGE_STANDARD = "gnu++20";
				CLANG_ENABLE_MODULES = YES;
				CLANG_ENABLE_OBJC_ARC = YES;
				CLANG_ENABLE_OBJC_WEAK = YES;
				CLANG_WARN_BLOCK_CAPTURE_AUTORELEASING = YES;
				CLANG_WARN_BOOL_CONVERSION = YES;
				CLANG_WARN_COMMA = YES;
				CLANG_WARN_CONSTANT_CONVERSION = YES;
				CLANG_WARN_DEPRECATED_OBJC_IMPLEMENTATIONS = YES;
				CLANG_WARN_DIRECT_OBJC_ISA_USAGE = YES_ERROR;
				CLANG_WARN_DOCUMENTATION_COMMENTS = YES;
				CLANG_WARN_EMPTY_BODY = YES;
				CLANG_WARN_ENUM_CONVERSION = YES;
				CLANG_WARN_INFINITE_RECURSION = YES;
				CLANG_WARN_INT_CONVERSION = YES;
				CLANG_WARN_NON_LITERAL_NULL_CONVERSION = YES;
				CLANG_WARN_OBJC_IMPLICIT_RETAIN_SELF = YES;
				CLANG_WARN_OBJC_LITERAL_CONVERSION = YES;
				CLANG_WARN_OBJC_ROOT_CLASS = YES_ERROR;
				CLANG_WARN_QUOTED_INCLUDE_IN_FRAMEWORK_HEADER = YES;
				CLANG_WARN_RANGE_LOOP_ANALYSIS = YES;
				CLANG_WARN_STRICT_PROTOTYPES = YES;
				CLANG_WARN_SUSPICIOUS_MOVE = YES;
				CLANG_WARN_UNGUARDED_AVAILABILITY = YES_AGGRESSIVE;
				CLANG_WARN_UNREACHABLE_CODE = YES;
				CLANG_WARN__DUPLICATE_METHOD_MATCH = YES;
				COPY_PHASE_STRIP = NO;
				DEBUG_INFORMATION_FORMAT = "dwarf-with-dsym";
				DEVELOPMENT_TEAM = 6MWZYJB8N2;
				ENABLE_NS_ASSERTIONS = NO;
				ENABLE_STRICT_OBJC_MSGSEND = YES;
				ENABLE_USER_SCRIPT_SANDBOXING = YES;
				GCC_C_LANGUAGE_STANDARD = gnu17;
				GCC_NO_COMMON_BLOCKS = YES;
				GCC_WARN_64_TO_32_BIT_CONVERSION = YES;
				GCC_WARN_ABOUT_RETURN_TYPE = YES_ERROR;
				GCC_WARN_UNDECLARED_SELECTOR = YES;
				GCC_WARN_UNINITIALIZED_AUTOS = YES_AGGRESSIVE;
				GCC_WARN_UNUSED_FUNCTION = YES;
				GCC_WARN_UNUSED_VARIABLE = YES;
				IPHONEOS_DEPLOYMENT_TARGET = 26.0;
				LOCALIZATION_PREFERS_STRING_CATALOGS = YES;
				MTL_ENABLE_DEBUG_INFO = NO;
				MTL_FAST_MATH = YES;
				SDKROOT = iphoneos;
				SWIFT_COMPILATION_MODE = wholemodule;
				VALIDATE_PRODUCT = YES;
			};
			name = Release;
		};
		A3E333D82ECF3578005BC2FE /* Debug */ = {
			isa = XCBuildConfiguration;
			buildSettings = {
				ASSETCATALOG_COMPILER_APPICON_NAME = AppIcon;
				ASSETCATALOG_COMPILER_GLOBAL_ACCENT_COLOR_NAME = AccentColor;
				CODE_SIGN_STYLE = Automatic;
				CURRENT_PROJECT_VERSION = 1;
				DEVELOPMENT_TEAM = 6MWZYJB8N2;
				ENABLE_PREVIEWS = YES;
				GENERATE_INFOPLIST_FILE = YES;
				INFOPLIST_KEY_UIApplicationSceneManifest_Generation = YES;
				INFOPLIST_KEY_UIApplicationSupportsIndirectInputEvents = YES;
				INFOPLIST_KEY_UILaunchScreen_Generation = YES;
				INFOPLIST_KEY_UISupportedInterfaceOrientations_iPad = "UIInterfaceOrientationPortrait UIInterfaceOrientationPortraitUpsideDown UIInterfaceOrientationLandscapeLeft UIInterfaceOrientationLandscapeRight";
				INFOPLIST_KEY_UISupportedInterfaceOrientations_iPhone = "UIInterfaceOrientationPortrait UIInterfaceOrientationLandscapeLeft UIInterfaceOrientationLandscapeRight";
				LD_RUNPATH_SEARCH_PATHS = (
					"$(inherited)",
					"@executable_path/Frameworks",
				);
				MARKETING_VERSION = 1.0;
				PRODUCT_BUNDLE_IDENTIFIER = com.ajregueira.minsait.BarcodeScannerSwift;
				PRODUCT_NAME = "$(TARGET_NAME)";
				STRING_CATALOG_GENERATE_SYMBOLS = YES;
				SWIFT_APPROACHABLE_CONCURRENCY = YES;
				SWIFT_DEFAULT_ACTOR_ISOLATION = MainActor;
				SWIFT_EMIT_LOC_STRINGS = YES;
				SWIFT_UPCOMING_FEATURE_MEMBER_IMPORT_VISIBILITY = YES;
				SWIFT_VERSION = 5.0;
				TARGETED_DEVICE_FAMILY = "1,2";
			};
			name = Debug;
		};
		A3E333D92ECF3578005BC2FE /* Release */ = {
			isa = XCBuildConfiguration;
			buildSettings = {
				ASSETCATALOG_COMPILER_APPICON_NAME = AppIcon;
				ASSETCATALOG_COMPILER_GLOBAL_ACCENT_COLOR_NAME = AccentColor;
				CODE_SIGN_STYLE = Automatic;
				CURRENT_PROJECT_VERSION = 1;
				DEVELOPMENT_TEAM = 6MWZYJB8N2;
				ENABLE_PREVIEWS = YES;
				GENERATE_INFOPLIST_FILE = YES;
				INFOPLIST_KEY_UIApplicationSceneManifest_Generation = YES;
				INFOPLIST_KEY_UIApplicationSupportsIndirectInputEvents = YES;
				INFOPLIST_KEY_UILaunchScreen_Generation = YES;
				INFOPLIST_KEY_UISupportedInterfaceOrientations_iPad = "UIInterfaceOrientationPortrait UIInterfaceOrientationPortraitUpsideDown UIInterfaceOrientationLandscapeLeft UIInterfaceOrientationLandscapeRight";
				INFOPLIST_KEY_UISupportedInterfaceOrientations_iPhone = "UIInterfaceOrientationPortrait UIInterfaceOrientationLandscapeLeft UIInterfaceOrientationLandscapeRight";
				LD_RUNPATH_SEARCH_PATHS = (
					"$(inherited)",
					"@executable_path/Frameworks",
				);
				MARKETING_VERSION = 1.0;
				PRODUCT_BUNDLE_IDENTIFIER = com.ajregueira.minsait.BarcodeScannerSwift;
				PRODUCT_NAME = "$(TARGET_NAME)";
				STRING_CATALOG_GENERATE_SYMBOLS = YES;
				SWIFT_APPROACHABLE_CONCURRENCY = YES;
				SWIFT_DEFAULT_ACTOR_ISOLATION = MainActor;
				SWIFT_EMIT_LOC_STRINGS = YES;
				SWIFT_UPCOMING_FEATURE_MEMBER_IMPORT_VISIBILITY = YES;
				SWIFT_VERSION = 5.0;
				TARGETED_DEVICE_FAMILY = "1,2";
			};
			name = Release;
		};
		A3E333DB2ECF3578005BC2FE /* Debug */ = {
			isa = XCBuildConfiguration;
			buildSettings = {
				BUNDLE_LOADER = "$(TEST_HOST)";
				CODE_SIGN_STYLE = Automatic;
				CURRENT_PROJECT_VERSION = 1;
				DEVELOPMENT_TEAM = 6MWZYJB8N2;
				GENERATE_INFOPLIST_FILE = YES;
				IPHONEOS_DEPLOYMENT_TARGET = 26.0;
				MARKETING_VERSION = 1.0;
				PRODUCT_BUNDLE_IDENTIFIER = com.ajregueira.minsait.BarcodeScannerSwiftTests;
				PRODUCT_NAME = "$(TARGET_NAME)";
				STRING_CATALOG_GENERATE_SYMBOLS = NO;
				SWIFT_APPROACHABLE_CONCURRENCY = YES;
				SWIFT_EMIT_LOC_STRINGS = NO;
				SWIFT_UPCOMING_FEATURE_MEMBER_IMPORT_VISIBILITY = YES;
				SWIFT_VERSION = 5.0;
				TARGETED_DEVICE_FAMILY = "1,2";
				TEST_HOST = "$(BUILT_PRODUCTS_DIR)/BarcodeScannerSwift.app/$(BUNDLE_EXECUTABLE_FOLDER_PATH)/BarcodeScannerSwift";
			};
			name = Debug;
		};
		A3E333DC2ECF3578005BC2FE /* Release */ = {
			isa = XCBuildConfiguration;
			buildSettings = {
				BUNDLE_LOADER = "$(TEST_HOST)";
				CODE_SIGN_STYLE = Automatic;
				CURRENT_PROJECT_VERSION = 1;
				DEVELOPMENT_TEAM = 6MWZYJB8N2;
				GENERATE_INFOPLIST_FILE = YES;
				IPHONEOS_DEPLOYMENT_TARGET = 26.0;
				MARKETING_VERSION = 1.0;
				PRODUCT_BUNDLE_IDENTIFIER = com.ajregueira.minsait.BarcodeScannerSwiftTests;
				PRODUCT_NAME = "$(TARGET_NAME)";
				STRING_CATALOG_GENERATE_SYMBOLS = NO;
				SWIFT_APPROACHABLE_CONCURRENCY = YES;
				SWIFT_EMIT_LOC_STRINGS = NO;
				SWIFT_UPCOMING_FEATURE_MEMBER_IMPORT_VISIBILITY = YES;
				SWIFT_VERSION = 5.0;
				TARGETED_DEVICE_FAMILY = "1,2";
				TEST_HOST = "$(BUILT_PRODUCTS_DIR)/BarcodeScannerSwift.app/$(BUNDLE_EXECUTABLE_FOLDER_PATH)/BarcodeScannerSwift";
			};
			name = Release;
		};
		A3E333DE2ECF3578005BC2FE /* Debug */ = {
			isa = XCBuildConfiguration;
			buildSettings = {
				CODE_SIGN_STYLE = Automatic;
				CURRENT_PROJECT_VERSION = 1;
				DEVELOPMENT_TEAM = 6MWZYJB8N2;
				GENERATE_INFOPLIST_FILE = YES;
				MARKETING_VERSION = 1.0;
				PRODUCT_BUNDLE_IDENTIFIER = com.ajregueira.minsait.BarcodeScannerSwiftUITests;
				PRODUCT_NAME = "$(TARGET_NAME)";
				STRING_CATALOG_GENERATE_SYMBOLS = NO;
				SWIFT_APPROACHABLE_CONCURRENCY = YES;
				SWIFT_EMIT_LOC_STRINGS = NO;
				SWIFT_UPCOMING_FEATURE_MEMBER_IMPORT_VISIBILITY = YES;
				SWIFT_VERSION = 5.0;
				TARGETED_DEVICE_FAMILY = "1,2";
				TEST_TARGET_NAME = BarcodeScannerSwift;
			};
			name = Debug;
		};
		A3E333DF2ECF3578005BC2FE /* Release */ = {
			isa = XCBuildConfiguration;
			buildSettings = {
				CODE_SIGN_STYLE = Automatic;
				CURRENT_PROJECT_VERSION = 1;
				DEVELOPMENT_TEAM = 6MWZYJB8N2;
				GENERATE_INFOPLIST_FILE = YES;
				MARKETING_VERSION = 1.0;
				PRODUCT_BUNDLE_IDENTIFIER = com.ajregueira.minsait.BarcodeScannerSwiftUITests;
				PRODUCT_NAME = "$(TARGET_NAME)";
				STRING_CATALOG_GENERATE_SYMBOLS = NO;
				SWIFT_APPROACHABLE_CONCURRENCY = YES;
				SWIFT_EMIT_LOC_STRINGS = NO;
				SWIFT_UPCOMING_FEATURE_MEMBER_IMPORT_VISIBILITY = YES;
				SWIFT_VERSION = 5.0;
				TARGETED_DEVICE_FAMILY = "1,2";
				TEST_TARGET_NAME = BarcodeScannerSwift;
			};
			name = Release;
		};
/* End XCBuildConfiguration section */

/* Begin XCConfigurationList section */
		A3E333AF2ECF3577005BC2FE /* Build configuration list for PBXProject "BarcodeScannerSwift" */ = {
			isa = XCConfigurationList;
			buildConfigurations = (
				A3E333D52ECF3578005BC2FE /* Debug */,
				A3E333D62ECF3578005BC2FE /* Release */,
			);
			defaultConfigurationIsVisible = 0;
			defaultConfigurationName = Release;
		};
		A3E333D72ECF3578005BC2FE /* Build configuration list for PBXNativeTarget "BarcodeScannerSwift" */ = {
			isa = XCConfigurationList;
			buildConfigurations = (
				A3E333D82ECF3578005BC2FE /* Debug */,
				A3E333D92ECF3578005BC2FE /* Release */,
			);
			defaultConfigurationIsVisible = 0;
			defaultConfigurationName = Release;
		};
		A3E333DA2ECF3578005BC2FE /* Build configuration list for PBXNativeTarget "BarcodeScannerSwiftTests" */ = {
			isa = XCConfigurationList;
			buildConfigurations = (
				A3E333DB2ECF3578005BC2FE /* Debug */,
				A3E333DC2ECF3578005BC2FE /* Release */,
			);
			defaultConfigurationIsVisible = 0;
			defaultConfigurationName = Release;
		};
		A3E333DD2ECF3578005BC2FE /* Build configuration list for PBXNativeTarget "BarcodeScannerSwiftUITests" */ = {
			isa = XCConfigurationList;
			buildConfigurations = (
				A3E333DE2ECF3578005BC2FE /* Debug */,
				A3E333DF2ECF3578005BC2FE /* Release */,
			);
			defaultConfigurationIsVisible = 0;
			defaultConfigurationName = Release;
		};
/* End XCConfigurationList section */
	};
	rootObject = A3E333AC2ECF3577005BC2FE /* Project object */;
}
